
Microsoft Visual Studio Solution File, Format Version 12.00
# Visual Studio 15
Project("{FAE04EC0-301F-11D3-BF4B-00C04F79EFBC}") = "Assembly-CSharp-Editor", "Assembly-CSharp-Editor.csproj", "{957BD8F6-3BAF-F7C1-540E-6D88D4956236}"
EndProject
Project("{FAE04EC0-301F-11D3-BF4B-00C04F79EFBC}") = "Assembly-CSharp", "Assembly-CSharp.csproj", "{9F73AE65-7402-2D86-F8AE-6B27C982DFFC}"
EndProject
Global
	GlobalSection(SolutionConfigurationPlatforms) = preSolution
		Debug|Any CPU = Debug|Any CPU
		Release|Any CPU = Release|Any CPU
	EndGlobalSection
	GlobalSection(ProjectConfigurationPlatforms) = postSolution
		{957BD8F6-3BAF-F7C1-540E-6D88D4956236}.Debug|Any CPU.ActiveCfg = Debug|Any CPU
		{957BD8F6-3BAF-F7C1-540E-6D88D4956236}.Debug|Any CPU.Build.0 = Debug|Any CPU
		{957BD8F6-3BAF-F7C1-540E-6D88D4956236}.Release|Any CPU.ActiveCfg = Release|Any CPU
		{957BD8F6-3BAF-F7C1-540E-6D88D4956236}.Release|Any CPU.Build.0 = Release|Any CPU
		{9F73AE65-7402-2D86-F8AE-6B27C982DFFC}.Debug|Any CPU.ActiveCfg = Debug|Any CPU
		{9F73AE65-7402-2D86-F8AE-6B27C982DFFC}.Debug|Any CPU.Build.0 = Debug|Any CPU
		{9F73AE65-7402-2D86-F8AE-6B27C982DFFC}.Release|Any CPU.ActiveCfg = Release|Any CPU
		{9F73AE65-7402-2D86-F8AE-6B27C982DFFC}.Release|Any CPU.Build.0 = Release|Any CPU
	EndGlobalSection
	GlobalSection(SolutionProperties) = preSolution
		HideSolutionNode = FALSE
	EndGlobalSection
EndGlobal
